# THIS IS AN AUTOGENERATED FILE. DO NOT EDIT THIS FILE DIRECTLY.
# yarn lockfile v1


"@react-native-community/masked-view@^0.1.6":
  version "0.1.6"
  resolved "https://registry.yarnpkg.com/@react-native-community/masked-view/-/masked-view-0.1.6.tgz#c7f2ac187c1f25aa8c30d11baa8f4398eca3bb84"
  integrity sha512-PpMoeXwPUoldCRKDuSi+zK5rT+sJTW6ri6RdGPkSKRzU77Q1d9IaR0O5IKvBj0XSdL3p+dcOa05gk35aGDffBQ==

"@react-navigation/core@^3.5.1":
  version "3.5.2"
  resolved "https://registry.yarnpkg.com/@react-navigation/core/-/core-3.5.2.tgz#3a3d147b8419e5839e0f2ad4dea086bd2d307fe3"
  integrity sha512-HgKXci1h74aETgm5CXMBoIWG8R7VZG1eUUHYb3BdxwekdiZjW1P/srjiXzsCqFGlsESnVIOIkzT4DqI9J752Bw==
  dependencies:
    hoist-non-react-statics "^3.3.0"
    path-to-regexp "^1.7.0"
    query-string "^6.4.2"
    react-is "^16.8.6"

"@react-navigation/native@^3.6.2":
  version "3.6.3"
  resolved "https://registry.yarnpkg.com/@react-navigation/native/-/native-3.6.3.tgz#50b4519ebd001eaf2f07cb1ef531e7290ebd06d2"
  integrity sha512-pkerjx3p9qs48nGwAyL4/IE9M971i4TEnAVlGAwBI48D+ZYkm9Rzn0rV0TdrUnUzwrYuBhwQQtVVKnMNMn8ABg==
  dependencies:
    hoist-non-react-statics "^3.3.2"
    react-native-safe-area-view "^0.14.1"

debounce@^1.2.0:
  version "1.2.0"
  resolved "https://registry.yarnpkg.com/debounce/-/debounce-1.2.0.tgz#44a540abc0ea9943018dc0eaa95cce87f65cd131"
  integrity sha512-mYtLl1xfZLi1m4RtQYlZgJUNQjl4ZxVnHzIR8nLLgi4q1YT8o/WM+MK/f8yfcc9s5Ir5zRaPZyZU6xs1Syoocg==

decode-uri-component@^0.2.0:
  version "0.2.2"
  resolved "https://registry.yarnpkg.com/decode-uri-component/-/decode-uri-component-0.2.2.tgz#e69dbe25d37941171dd540e024c444cd5188e1e9"
  integrity sha512-FqUYQ+8o158GyGTrMFJms9qh3CqTKvAqgqsTnkLI8sKu0028orqBhxNMFkFen0zGyg6epACD32pjVk58ngIErQ==

hammerjs@^2.0.8:
  version "2.0.8"
  resolved "https://registry.yarnpkg.com/hammerjs/-/hammerjs-2.0.8.tgz#04ef77862cff2bb79d30f7692095930222bf60f1"
  integrity sha1-BO93hiz/K7edMPdpIJWTAiK/YPE=

hoist-non-react-statics@^2.3.1:
  version "2.5.5"
  resolved "https://registry.yarnpkg.com/hoist-non-react-statics/-/hoist-non-react-statics-2.5.5.tgz#c5903cf409c0dfd908f388e619d86b9c1174cb47"
  integrity sha512-rqcy4pJo55FTTLWt+bU8ukscqHeE/e9KWvsOW2b/a3afxQZhwkQdT1rPPCJ0rYXdj4vNcasY8zHTH+jF/qStxw==

hoist-non-react-statics@^3.3.0, hoist-non-react-statics@^3.3.2:
  version "3.3.2"
  resolved "https://registry.yarnpkg.com/hoist-non-react-statics/-/hoist-non-react-statics-3.3.2.tgz#ece0acaf71d62c2969c2ec59feff42a4b1a85b45"
  integrity sha512-/gGivxi8JPKWNm/W0jSmzcMPpfpPLc3dY/6GxhX2hQ9iGj3aDfklV4ET7NjKpSinLpJ5vafa9iiGIEZg10SfBw==
  dependencies:
    react-is "^16.7.0"

invariant@^2.2.4:
  version "2.2.4"
  resolved "https://registry.yarnpkg.com/invariant/-/invariant-2.2.4.tgz#610f3c92c9359ce1db616e538008d23ff35158e6"
  integrity sha512-phJfQVBuaJM5raOpJjSfkiD6BpbCE4Ns//LaXl6wGYtUBY83nWS6Rf9tXm2e8VaK60JEjYldbPif/A2B1C2gNA==
  dependencies:
    loose-envify "^1.0.0"

isarray@0.0.1:
  version "0.0.1"
  resolved "https://registry.yarnpkg.com/isarray/-/isarray-0.0.1.tgz#8a18acfca9a8f4177e09abfc6038939b05d1eedf"
  integrity sha1-ihis/Kmo9Bd+Cav8YDiTmwXR7t8=

"js-tokens@^3.0.0 || ^4.0.0":
  version "4.0.0"
  resolved "https://registry.yarnpkg.com/js-tokens/-/js-tokens-4.0.0.tgz#19203fb59991df98e3a287050d4647cdeaf32499"
  integrity sha512-RdJUflcE3cUzKiMqQgsCu06FPu9UdIJO0beYbPhHN4k6apgJtifcoCtT9bcxOpYBtpD2kCM6Sbzg4CausW/PKQ==

loose-envify@^1.0.0, loose-envify@^1.4.0:
  version "1.4.0"
  resolved "https://registry.yarnpkg.com/loose-envify/-/loose-envify-1.4.0.tgz#71ee51fa7be4caec1a63839f7e682d8132d30caf"
  integrity sha512-lyuxPGr/Wfhrlem2CL/UcnUc1zcqKAImBDzukY7Y5F/yQiNdko6+fRLevlw1HgMySw7f611UIY408EtxRSoK3Q==
  dependencies:
    js-tokens "^3.0.0 || ^4.0.0"

object-assign@^4.1.1:
  version "4.1.1"
  resolved "https://registry.yarnpkg.com/object-assign/-/object-assign-4.1.1.tgz#2109adc7965887cfc05cbbd442cac8bfbb360863"
  integrity sha1-IQmtx5ZYh8/AXLvUQsrIv7s2CGM=

path-to-regexp@^1.7.0:
  version "1.8.0"
  resolved "https://registry.yarnpkg.com/path-to-regexp/-/path-to-regexp-1.8.0.tgz#887b3ba9d84393e87a0a0b9f4cb756198b53548a"
  integrity sha512-n43JRhlUKUAlibEJhPeir1ncUID16QnEjNpwzNdO3Lm4ywrBpBZ5oLD0I6br9evr1Y9JTqwRtAh7JLoOzAQdVA==
  dependencies:
    isarray "0.0.1"

prop-types@^15.7.2:
  version "15.7.2"
  resolved "https://registry.yarnpkg.com/prop-types/-/prop-types-15.7.2.tgz#52c41e75b8c87e72b9d9360e0206b99dcbffa6c5"
  integrity sha512-8QQikdH7//R2vurIJSutZ1smHYTcLpRWEOlHnzcWHmBYrOGUysKwSsrC89BCiFj3CbrfJ/nXFdJepOVrY1GCHQ==
  dependencies:
    loose-envify "^1.4.0"
    object-assign "^4.1.1"
    react-is "^16.8.1"

query-string@^6.4.2:
  version "6.10.1"
  resolved "https://registry.yarnpkg.com/query-string/-/query-string-6.10.1.tgz#30b3505f6fca741d5ae541964d1b3ae9dc2a0de8"
  integrity sha512-SHTUV6gDlgMXg/AQUuLpTiBtW/etZ9JT6k6RCtCyqADquApLX0Aq5oK/s5UeTUAWBG50IExjIr587GqfXRfM4A==
  dependencies:
    decode-uri-component "^0.2.0"
    split-on-first "^1.0.0"
    strict-uri-encode "^2.0.0"

react-is@^16.7.0, react-is@^16.8.1, react-is@^16.8.6:
  version "16.12.0"
  resolved "https://registry.yarnpkg.com/react-is/-/react-is-16.12.0.tgz#2cc0fe0fba742d97fd527c42a13bec4eeb06241c"
  integrity sha512-rPCkf/mWBtKc97aLL9/txD8DZdemK0vkA3JMLShjlJB3Pj3s+lpf1KaBzMfQrAmhMQB0n1cU/SUGgKKBCe837Q==

react-native-gesture-handler@^1.5.3:
  version "1.5.3"
  resolved "https://registry.yarnpkg.com/react-native-gesture-handler/-/react-native-gesture-handler-1.5.3.tgz#191b44701fab7ba54c27a2438cb5eaa252666e66"
  integrity sha512-y2/jw0uHAQtEPR02PHAah6tdMymrVtZFoHqjlEWdhK807w2sgU5CySYINK/nOTczd+zB4GMX+9euA3VfbGJ5aA==
  dependencies:
    hammerjs "^2.0.8"
    hoist-non-react-statics "^2.3.1"
    invariant "^2.2.4"
    prop-types "^15.7.2"

react-native-reanimated@^1.7.0:
  version "1.7.0"
  resolved "https://registry.yarnpkg.com/react-native-reanimated/-/react-native-reanimated-1.7.0.tgz#896db2576552ac59d288a1f6c7f00afc171f240c"
  integrity sha512-FQWSqP605eQVJumuK2HpR+7heF0ZI+qfy4jNguv3Xv8nPFHeIgZaRTXHCEQL2AcuSIj50zy8jGJf5l134QMQWQ==

react-native-safe-area-context@^0.6.2:
  version "0.6.2"
  resolved "https://registry.yarnpkg.com/react-native-safe-area-context/-/react-native-safe-area-context-0.6.2.tgz#d467ac8a953426bfbb6d8f417222b0dc3952be7a"
  integrity sha512-VtBW0JymVCwVt0TGxTv25Co3wtOv3Yb/K5pAUYkjKXNhWFDz5ZwUG/Yho/p0EkWYlFdroJcSqlvVFl2n3AU7SA==

react-native-safe-area-view@^0.14.1:
  version "0.14.8"
  resolved "https://registry.yarnpkg.com/react-native-safe-area-view/-/react-native-safe-area-view-0.14.8.tgz#ef33c46ff8164ae77acad48c3039ec9c34873e5b"
  integrity sha512-MtRSIcZNstxv87Jet+UsPhEd1tpGe8cVskDXlP657x6rHpSrbrc+y13ZNXrwAgGNNhqQNX7UJT68ZIq//ZRmvw==
  dependencies:
    hoist-non-react-statics "^2.3.1"

react-native-screens@^2.0.0-alpha.32:
  version "2.0.0-alpha.32"
  resolved "https://registry.yarnpkg.com/react-native-screens/-/react-native-screens-2.0.0-alpha.32.tgz#a23e0458e24984e3a1bd130292f9ad8a118b1e15"
  integrity sha512-dMw+dGL8UfcS+RQXfUGpdduSkmQN/8l3CJg9+YAwgrgejUpE1YYFnr2gP4GPhie0sBLBdfLj0svNwY1vhnO0Tg==
  dependencies:
    debounce "^1.2.0"

react-navigation@^4.0.10:
  version "4.0.10"
  resolved "https://registry.yarnpkg.com/react-navigation/-/react-navigation-4.0.10.tgz#ddf41134600689d6ba99e35dd22ba1f664f91e5c"
  integrity sha512-7PqvmsdQ7HIyxPUMYbd9Uq//VoMdniEOLAOSvIhb/ExtbAt/1INSjUF+RiMWOMCWLTCNvNPRvTz7xy7qwWureg==
  dependencies:
    "@react-navigation/core" "^3.5.1"
    "@react-navigation/native" "^3.6.2"

split-on-first@^1.0.0:
  version "1.1.0"
  resolved "https://registry.yarnpkg.com/split-on-first/-/split-on-first-1.1.0.tgz#f610afeee3b12bce1d0c30425e76398b78249a5f"
  integrity sha512-43ZssAJaMusuKWL8sKUBQXHWOpq8d6CfN/u1p4gUzfJkM05C8rxTmYrkIPTXapZpORA6LkkzcUulJ8FqA7Uudw==

strict-uri-encode@^2.0.0:
  version "2.0.0"
  resolved "https://registry.yarnpkg.com/strict-uri-encode/-/strict-uri-encode-2.0.0.tgz#b9c7330c7042862f6b142dc274bbcc5866ce3546"
  integrity sha1-ucczDHBChi9rFC3CdLvMWGbONUY=
